Microsoft Visual Studio Solution File, Format Version 12.00
# Visual Studio Version 17
VisualStudioVersion = 17.5.2.0
MinimumVisualStudioVersion = 10.0.40219.1
Project("{FAE04EC0-301F-11D3-BF4B-00C04F79EFBC}") = "program013-nsd-nsn", "program013-nsd-nsn.csproj", "{B6EB6C8B-B41E-180D-32C0-7AC885A5865D}"
EndProject
Global
	GlobalSection(SolutionConfigurationPlatforms) = preSolution
		Debug|Any CPU = Debug|Any CPU
		Release|Any CPU = Release|Any CPU
	EndGlobalSection
	GlobalSection(ProjectConfigurationPlatforms) = postSolution
		{B6EB6C8B-B41E-180D-32C0-7AC885A5865D}.Debug|Any CPU.ActiveCfg = Debug|Any CPU
		{B6EB6C8B-B41E-180D-32C0-7AC885A5865D}.Debug|Any CPU.Build.0 = Debug|Any CPU
		{B6EB6C8B-B41E-180D-32C0-7AC885A5865D}.Release|Any CPU.ActiveCfg = Release|Any CPU
		{B6EB6C8B-B41E-180D-32C0-7AC885A5865D}.Release|Any CPU.Build.0 = Release|Any CPU
	EndGlobalSection
	GlobalSection(SolutionProperties) = preSolution
		HideSolutionNode = FALSE
	EndGlobalSection
	GlobalSection(ExtensibilityGlobals) = postSolution
		SolutionGuid = {83BE3099-38AD-4EDD-BA3F-A2399741D8D4}
	EndGlobalSection
EndGlobal
