Microsoft Visual Studio Solution File, Format Version 12.00
# Visual Studio Version 17
VisualStudioVersion = 17.5.2.0
MinimumVisualStudioVersion = 10.0.40219.1
Project("{FAE04EC0-301F-11D3-BF4B-00C04F79EFBC}") = "program003a-serazeni-dvou-cisel", "program003a-serazeni-dvou-cisel.csproj", "{A553E9DE-8752-F909-49F7-6617734A2106}"
EndProject
Global
	GlobalSection(SolutionConfigurationPlatforms) = preSolution
		Debug|Any CPU = Debug|Any CPU
		Release|Any CPU = Release|Any CPU
	EndGlobalSection
	GlobalSection(ProjectConfigurationPlatforms) = postSolution
		{A553E9DE-8752-F909-49F7-6617734A2106}.Debug|Any CPU.ActiveCfg = Debug|Any CPU
		{A553E9DE-8752-F909-49F7-6617734A2106}.Debug|Any CPU.Build.0 = Debug|Any CPU
		{A553E9DE-8752-F909-49F7-6617734A2106}.Release|Any CPU.ActiveCfg = Release|Any CPU
		{A553E9DE-8752-F909-49F7-6617734A2106}.Release|Any CPU.Build.0 = Release|Any CPU
	EndGlobalSection
	GlobalSection(SolutionProperties) = preSolution
		HideSolutionNode = FALSE
	EndGlobalSection
	GlobalSection(ExtensibilityGlobals) = postSolution
		SolutionGuid = {4292D29D-BA18-45E0-A4B8-6A62E496BCD9}
	EndGlobalSection
EndGlobal
