Microsoft Visual Studio Solution File, Format Version 12.00
# Visual Studio Version 17
VisualStudioVersion = 17.5.2.0
MinimumVisualStudioVersion = 10.0.40219.1
Project("{FAE04EC0-301F-11D3-BF4B-00C04F79EFBC}") = "program009a-10to2", "program009a-10to2.csproj", "{0112067B-37EA-E021-D2D3-70913A605173}"
EndProject
Global
	GlobalSection(SolutionConfigurationPlatforms) = preSolution
		Debug|Any CPU = Debug|Any CPU
		Release|Any CPU = Release|Any CPU
	EndGlobalSection
	GlobalSection(ProjectConfigurationPlatforms) = postSolution
		{0112067B-37EA-E021-D2D3-70913A605173}.Debug|Any CPU.ActiveCfg = Debug|Any CPU
		{0112067B-37EA-E021-D2D3-70913A605173}.Debug|Any CPU.Build.0 = Debug|Any CPU
		{0112067B-37EA-E021-D2D3-70913A605173}.Release|Any CPU.ActiveCfg = Release|Any CPU
		{0112067B-37EA-E021-D2D3-70913A605173}.Release|Any CPU.Build.0 = Release|Any CPU
	EndGlobalSection
	GlobalSection(SolutionProperties) = preSolution
		HideSolutionNode = FALSE
	EndGlobalSection
	GlobalSection(ExtensibilityGlobals) = postSolution
		SolutionGuid = {8AFE7E9F-74D4-49E8-A68D-3E9AF63065B6}
	EndGlobalSection
EndGlobal
