Microsoft Visual Studio Solution File, Format Version 12.00
# Visual Studio Version 17
VisualStudioVersion = 17.5.2.0
MinimumVisualStudioVersion = 10.0.40219.1
Project("{FAE04EC0-301F-11D3-BF4B-00C04F79EFBC}") = "program004c-obrazce", "program004c-obrazce.csproj", "{ABFC2DF6-06A7-E145-4B96-E9F2EAD9E051}"
EndProject
Global
	GlobalSection(SolutionConfigurationPlatforms) = preSolution
		Debug|Any CPU = Debug|Any CPU
		Release|Any CPU = Release|Any CPU
	EndGlobalSection
	GlobalSection(ProjectConfigurationPlatforms) = postSolution
		{ABFC2DF6-06A7-E145-4B96-E9F2EAD9E051}.Debug|Any CPU.ActiveCfg = Debug|Any CPU
		{ABFC2DF6-06A7-E145-4B96-E9F2EAD9E051}.Debug|Any CPU.Build.0 = Debug|Any CPU
		{ABFC2DF6-06A7-E145-4B96-E9F2EAD9E051}.Release|Any CPU.ActiveCfg = Release|Any CPU
		{ABFC2DF6-06A7-E145-4B96-E9F2EAD9E051}.Release|Any CPU.Build.0 = Release|Any CPU
	EndGlobalSection
	GlobalSection(SolutionProperties) = preSolution
		HideSolutionNode = FALSE
	EndGlobalSection
	GlobalSection(ExtensibilityGlobals) = postSolution
		SolutionGuid = {D48CF62C-DE7A-4C24-B59D-B65387F4CAE7}
	EndGlobalSection
EndGlobal
